
Microsoft Visual Studio Solution File, Format Version 12.00
# Visual Studio Version 17
VisualStudioVersion = 17.13.35507.96
MinimumVisualStudioVersion = 10.0.40219.1
Project("{FAE04EC0-301F-11D3-BF4B-00C04F79EFBC}") = "StudentsApi", "StudentsApi\StudentsApi.csproj", "{D5869B0F-C53E-44EB-8915-76AC18971293}"
EndProject
Project("{FAE04EC0-301F-11D3-BF4B-00C04F79EFBC}") = "FoodApi", "FoodApi\FoodApi.csproj", "{E7173CB0-D1D3-4E6C-8938-5FDE265AD4E1}"
EndProject
Project("{FAE04EC0-301F-11D3-BF4B-00C04F79EFBC}") = "ApiGateway", "ApiGateway\ApiGateway.csproj", "{D69562AF-F215-40F0-860E-9D0104C01CAE}"
EndProject
Project("{FAE04EC0-301F-11D3-BF4B-00C04F79EFBC}") = "FoodApi.Tests", "FoodApi.Tests\FoodApi.Tests.csproj", "{0D4DAC32-C239-4671-96F4-F95CD66D2344}"
EndProject
Project("{FAE04EC0-301F-11D3-BF4B-00C04F79EFBC}") = "StudentsApi.Tests", "StudentsApi.Tests\StudentsApi.Tests.csproj", "{FE9C777A-8CD5-4B89-A8E1-936AE4FADE33}"
EndProject
Project("{FAE04EC0-301F-11D3-BF4B-00C04F79EFBC}") = "IntegrationTests", "IntegrationTests\IntegrationTests.csproj", "{699AD0C5-0CC2-4B5E-A84D-D3FACD809D19}"
EndProject
Global
	GlobalSection(SolutionConfigurationPlatforms) = preSolution
		Debug|Any CPU = Debug|Any CPU
		Release|Any CPU = Release|Any CPU
	EndGlobalSection
	GlobalSection(ProjectConfigurationPlatforms) = postSolution
		{D5869B0F-C53E-44EB-8915-76AC18971293}.Debug|Any CPU.ActiveCfg = Debug|Any CPU
		{D5869B0F-C53E-44EB-8915-76AC18971293}.Debug|Any CPU.Build.0 = Debug|Any CPU
		{D5869B0F-C53E-44EB-8915-76AC18971293}.Release|Any CPU.ActiveCfg = Release|Any CPU
		{D5869B0F-C53E-44EB-8915-76AC18971293}.Release|Any CPU.Build.0 = Release|Any CPU
		{E7173CB0-D1D3-4E6C-8938-5FDE265AD4E1}.Debug|Any CPU.ActiveCfg = Debug|Any CPU
		{E7173CB0-D1D3-4E6C-8938-5FDE265AD4E1}.Debug|Any CPU.Build.0 = Debug|Any CPU
		{E7173CB0-D1D3-4E6C-8938-5FDE265AD4E1}.Release|Any CPU.ActiveCfg = Release|Any CPU
		{E7173CB0-D1D3-4E6C-8938-5FDE265AD4E1}.Release|Any CPU.Build.0 = Release|Any CPU
		{D69562AF-F215-40F0-860E-9D0104C01CAE}.Debug|Any CPU.ActiveCfg = Debug|Any CPU
		{D69562AF-F215-40F0-860E-9D0104C01CAE}.Debug|Any CPU.Build.0 = Debug|Any CPU
		{D69562AF-F215-40F0-860E-9D0104C01CAE}.Release|Any CPU.ActiveCfg = Release|Any CPU
		{D69562AF-F215-40F0-860E-9D0104C01CAE}.Release|Any CPU.Build.0 = Release|Any CPU
		{0D4DAC32-C239-4671-96F4-F95CD66D2344}.Debug|Any CPU.ActiveCfg = Debug|Any CPU
		{0D4DAC32-C239-4671-96F4-F95CD66D2344}.Debug|Any CPU.Build.0 = Debug|Any CPU
		{0D4DAC32-C239-4671-96F4-F95CD66D2344}.Release|Any CPU.ActiveCfg = Release|Any CPU
		{0D4DAC32-C239-4671-96F4-F95CD66D2344}.Release|Any CPU.Build.0 = Release|Any CPU
		{FE9C777A-8CD5-4B89-A8E1-936AE4FADE33}.Debug|Any CPU.ActiveCfg = Debug|Any CPU
		{FE9C777A-8CD5-4B89-A8E1-936AE4FADE33}.Debug|Any CPU.Build.0 = Debug|Any CPU
		{FE9C777A-8CD5-4B89-A8E1-936AE4FADE33}.Release|Any CPU.ActiveCfg = Release|Any CPU
		{FE9C777A-8CD5-4B89-A8E1-936AE4FADE33}.Release|Any CPU.Build.0 = Release|Any CPU
		{699AD0C5-0CC2-4B5E-A84D-D3FACD809D19}.Debug|Any CPU.ActiveCfg = Debug|Any CPU
		{699AD0C5-0CC2-4B5E-A84D-D3FACD809D19}.Debug|Any CPU.Build.0 = Debug|Any CPU
		{699AD0C5-0CC2-4B5E-A84D-D3FACD809D19}.Release|Any CPU.ActiveCfg = Release|Any CPU
		{699AD0C5-0CC2-4B5E-A84D-D3FACD809D19}.Release|Any CPU.Build.0 = Release|Any CPU
	EndGlobalSection
	GlobalSection(SolutionProperties) = preSolution
		HideSolutionNode = FALSE
	EndGlobalSection
	GlobalSection(ExtensibilityGlobals) = postSolution
		SolutionGuid = {86543F1A-7460-4066-96BB-FF702D760686}
	EndGlobalSection
EndGlobal
